// !$*UTF8*$!
{
	archiveVersion = 1;
	classes = {
	};
	objectVersion = 51;
	objects = {

/* Begin PBXBuildFile section */
		19529F122736D90E37C64EAD /* Pods_ContactsScreen_ContactsScreenUITests.framework in Frameworks */ = {isa = PBXBuildFile; fileRef = B18876165B8725E21DCFF73D /* Pods_ContactsScreen_ContactsScreenUITests.framework */; };
		25227FA91F6EE14B1BD314DE /* Pods_ContactsScreenTests.framework in Frameworks */ = {isa = PBXBuildFile; fileRef = CF3AAF74057B3ECECCDD1A69 /* Pods_ContactsScreenTests.framework */; };
		799922BC25552BAD00ABE6D9 /* ContactInfo.swift in Sources */ = {isa = PBXBuildFile; fileRef = 799922BB25552BAD00ABE6D9 /* ContactInfo.swift */; };
		799922C125552CCC00ABE6D9 /* ContactRequest.swift in Sources */ = {isa = PBXBuildFile; fileRef = 799922C025552CCC00ABE6D9 /* ContactRequest.swift */; };
		799D70F325309D23006CFB88 /* KisilerTableViewCell.swift in Sources */ = {isa = PBXBuildFile; fileRef = 799D70F225309D23006CFB88 /* KisilerTableViewCell.swift */; };
		79BD6424259A3FDE002D705F /* PersonAnswer.swift in Sources */ = {isa = PBXBuildFile; fileRef = 79BD6423259A3FDE002D705F /* PersonAnswer.swift */; };
		79CDD0EC2591CCAA00610892 /* DetailViewController.swift in Sources */ = {isa = PBXBuildFile; fileRef = 79CDD0EB2591CCAA00610892 /* DetailViewController.swift */; };
		79CEF0FB252C4CBD00EB42B6 /* AppDelegate.swift in Sources */ = {isa = PBXBuildFile; fileRef = 79CEF0FA252C4CBD00EB42B6 /* AppDelegate.swift */; };
		79CEF0FD252C4CBD00EB42B6 /* SceneDelegate.swift in Sources */ = {isa = PBXBuildFile; fileRef = 79CEF0FC252C4CBD00EB42B6 /* SceneDelegate.swift */; };
		79CEF0FF252C4CBD00EB42B6 /* ViewController.swift in Sources */ = {isa = PBXBuildFile; fileRef = 79CEF0FE252C4CBD00EB42B6 /* ViewController.swift */; };
		79CEF102252C4CBD00EB42B6 /* Main.storyboard in Resources */ = {isa = PBXBuildFile; fileRef = 79CEF100252C4CBD00EB42B6 /* Main.storyboard */; };
		79CEF107252C4CBD00EB42B6 /* LaunchScreen.storyboard in Resources */ = {isa = PBXBuildFile; fileRef = 79CEF105252C4CBD00EB42B6 /* LaunchScreen.storyboard */; };
		79CEF112252C4CBD00EB42B6 /* ContactsScreenTests.swift in Sources */ = {isa = PBXBuildFile; fileRef = 79CEF111252C4CBD00EB42B6 /* ContactsScreenTests.swift */; };
		79CEF11D252C4CBD00EB42B6 /* ContactsScreenUITests.swift in Sources */ = {isa = PBXBuildFile; fileRef = 79CEF11C252C4CBD00EB42B6 /* ContactsScreenUITests.swift */; };
		79CEF143252C883D00EB42B6 /* Property List.plist in Resources */ = {isa = PBXBuildFile; fileRef = 79CEF142252C883D00EB42B6 /* Property List.plist */; };
		79D67D3B252F4552002AF383 /* SegoeUIFont.ttf in Resources */ = {isa = PBXBuildFile; fileRef = 79D67D3A252F4552002AF383 /* SegoeUIFont.ttf */; };
		79D6AFB4258F9FC100B02D89 /* Assets.xcassets in Resources */ = {isa = PBXBuildFile; fileRef = 79D6AFB3258F9FC100B02D89 /* Assets.xcassets */; };
		D7AB5A5489D8F9349AEFBE68 /* Pods_ContactsScreen.framework in Frameworks */ = {isa = PBXBuildFile; fileRef = B95319141539585FD7E5822E /* Pods_ContactsScreen.framework */; };
/* End PBXBuildFile section */

/* Begin PBXContainerItemProxy section */
		79CEF10E252C4CBD00EB42B6 /* PBXContainerItemProxy */ = {
			isa = PBXContainerItemProxy;
			containerPortal = 79CEF0EF252C4CBD00EB42B6 /* Project object */;
			proxyType = 1;
			remoteGlobalIDString = 79CEF0F6252C4CBD00EB42B6;
			remoteInfo = ContactsScreen;
		};
		79CEF119252C4CBD00EB42B6 /* PBXContainerItemProxy */ = {
			isa = PBXContainerItemProxy;
			containerPortal = 79CEF0EF252C4CBD00EB42B6 /* Project object */;
			proxyType = 1;
			remoteGlobalIDString = 79CEF0F6252C4CBD00EB42B6;
			remoteInfo = ContactsScreen;
		};
/* End PBXContainerItemProxy section */

/* Begin PBXFileReference section */
		3825942C916BE8A3A7EEFEB2 /* Pods-ContactsScreen.debug.xcconfig */ = {isa = PBXFileReference; includeInIndex = 1; lastKnownFileType = text.xcconfig; name = "Pods-ContactsScreen.debug.xcconfig"; path = "Target Support Files/Pods-ContactsScreen/Pods-ContactsScreen.debug.xcconfig"; sourceTree = "<group>"; };
		4D8EA1B3F28D3CAE44CB7344 /* Pods-ContactsScreenTests.debug.xcconfig */ = {isa = PBXFileReference; includeInIndex = 1; lastKnownFileType = text.xcconfig; name = "Pods-ContactsScreenTests.debug.xcconfig"; path = "Target Support Files/Pods-ContactsScreenTests/Pods-ContactsScreenTests.debug.xcconfig"; sourceTree = "<group>"; };
		799922BB25552BAD00ABE6D9 /* ContactInfo.swift */ = {isa = PBXFileReference; lastKnownFileType = sourcecode.swift; path = ContactInfo.swift; sourceTree = "<group>"; };
		799922C025552CCC00ABE6D9 /* ContactRequest.swift */ = {isa = PBXFileReference; lastKnownFileType = sourcecode.swift; path = ContactRequest.swift; sourceTree = "<group>"; };
		799D70F225309D23006CFB88 /* KisilerTableViewCell.swift */ = {isa = PBXFileReference; lastKnownFileType = sourcecode.swift; path = KisilerTableViewCell.swift; sourceTree = "<group>"; };
		79BD6423259A3FDE002D705F /* PersonAnswer.swift */ = {isa = PBXFileReference; lastKnownFileType = sourcecode.swift; path = PersonAnswer.swift; sourceTree = "<group>"; };
		79CDD0EB2591CCAA00610892 /* DetailViewController.swift */ = {isa = PBXFileReference; lastKnownFileType = sourcecode.swift; path = DetailViewController.swift; sourceTree = "<group>"; };
		79CEF0F7252C4CBD00EB42B6 /* ContactsScreen.app */ = {isa = PBXFileReference; explicitFileType = wrapper.application; includeInIndex = 0; path = ContactsScreen.app; sourceTree = BUILT_PRODUCTS_DIR; };
		79CEF0FA252C4CBD00EB42B6 /* AppDelegate.swift */ = {isa = PBXFileReference; lastKnownFileType = sourcecode.swift; path = AppDelegate.swift; sourceTree = "<group>"; };
		79CEF0FC252C4CBD00EB42B6 /* SceneDelegate.swift */ = {isa = PBXFileReference; lastKnownFileType = sourcecode.swift; path = SceneDelegate.swift; sourceTree = "<group>"; };
		79CEF0FE252C4CBD00EB42B6 /* ViewController.swift */ = {isa = PBXFileReference; fileEncoding = 4; indentWidth = 7; lastKnownFileType = sourcecode.swift; path = ViewController.swift; sourceTree = "<group>"; tabWidth = 8; };
		79CEF101252C4CBD00EB42B6 /* Base */ = {isa = PBXFileReference; lastKnownFileType = file.storyboard; name = Base; path = Base.lproj/Main.storyboard; sourceTree = "<group>"; };
		79CEF106252C4CBD00EB42B6 /* Base */ = {isa = PBXFileReference; lastKnownFileType = file.storyboard; name = Base; path = Base.lproj/LaunchScreen.storyboard; sourceTree = "<group>"; };
		79CEF108252C4CBD00EB42B6 /* Info.plist */ = {isa = PBXFileReference; lastKnownFileType = text.plist.xml; path = Info.plist; sourceTree = "<group>"; };
		79CEF10D252C4CBD00EB42B6 /* ContactsScreenTests.xctest */ = {isa = PBXFileReference; explicitFileType = wrapper.cfbundle; includeInIndex = 0; path = ContactsScreenTests.xctest; sourceTree = BUILT_PRODUCTS_DIR; };
		79CEF111252C4CBD00EB42B6 /* ContactsScreenTests.swift */ = {isa = PBXFileReference; lastKnownFileType = sourcecode.swift; path = ContactsScreenTests.swift; sourceTree = "<group>"; };
		79CEF113252C4CBD00EB42B6 /* Info.plist */ = {isa = PBXFileReference; lastKnownFileType = text.plist.xml; path = Info.plist; sourceTree = "<group>"; };
		79CEF118252C4CBD00EB42B6 /* ContactsScreenUITests.xctest */ = {isa = PBXFileReference; explicitFileType = wrapper.cfbundle; includeInIndex = 0; path = ContactsScreenUITests.xctest; sourceTree = BUILT_PRODUCTS_DIR; };
		79CEF11C252C4CBD00EB42B6 /* ContactsScreenUITests.swift */ = {isa = PBXFileReference; lastKnownFileType = sourcecode.swift; path = ContactsScreenUITests.swift; sourceTree = "<group>"; };
		79CEF11E252C4CBD00EB42B6 /* Info.plist */ = {isa = PBXFileReference; lastKnownFileType = text.plist.xml; path = Info.plist; sourceTree = "<group>"; };
		79CEF142252C883D00EB42B6 /* Property List.plist */ = {isa = PBXFileReference; lastKnownFileType = text.plist.xml; path = "Property List.plist"; sourceTree = "<group>"; };
		79D67D3A252F4552002AF383 /* SegoeUIFont.ttf */ = {isa = PBXFileReference; lastKnownFileType = file; path = SegoeUIFont.ttf; sourceTree = "<group>"; };
		79D6AFB3258F9FC100B02D89 /* Assets.xcassets */ = {isa = PBXFileReference; lastKnownFileType = folder.assetcatalog; path = Assets.xcassets; sourceTree = "<group>"; };
		7D330248BABB75BB5061C763 /* Pods-ContactsScreen.release.xcconfig */ = {isa = PBXFileReference; includeInIndex = 1; lastKnownFileType = text.xcconfig; name = "Pods-ContactsScreen.release.xcconfig"; path = "Target Support Files/Pods-ContactsScreen/Pods-ContactsScreen.release.xcconfig"; sourceTree = "<group>"; };
		B18876165B8725E21DCFF73D /* Pods_ContactsScreen_ContactsScreenUITests.framework */ = {isa = PBXFileReference; explicitFileType = wrapper.framework; includeInIndex = 0; path = Pods_ContactsScreen_ContactsScreenUITests.framework; sourceTree = BUILT_PRODUCTS_DIR; };
		B95319141539585FD7E5822E /* Pods_ContactsScreen.framework */ = {isa = PBXFileReference; explicitFileType = wrapper.framework; includeInIndex = 0; path = Pods_ContactsScreen.framework; sourceTree = BUILT_PRODUCTS_DIR; };
		CF3AAF74057B3ECECCDD1A69 /* Pods_ContactsScreenTests.framework */ = {isa = PBXFileReference; explicitFileType = wrapper.framework; includeInIndex = 0; path = Pods_ContactsScreenTests.framework; sourceTree = BUILT_PRODUCTS_DIR; };
		DCA924922E07A1DAF5137EB8 /* Pods-ContactsScreen-ContactsScreenUITests.debug.xcconfig */ = {isa = PBXFileReference; includeInIndex = 1; lastKnownFileType = text.xcconfig; name = "Pods-ContactsScreen-ContactsScreenUITests.debug.xcconfig"; path = "Target Support Files/Pods-ContactsScreen-ContactsScreenUITests/Pods-ContactsScreen-ContactsScreenUITests.debug.xcconfig"; sourceTree = "<group>"; };
		DE9920CC1BB146F1AC59929C /* Pods-ContactsScreen-ContactsScreenUITests.release.xcconfig */ = {isa = PBXFileReference; includeInIndex = 1; lastKnownFileType = text.xcconfig; name = "Pods-ContactsScreen-ContactsScreenUITests.release.xcconfig"; path = "Target Support Files/Pods-ContactsScreen-ContactsScreenUITests/Pods-ContactsScreen-ContactsScreenUITests.release.xcconfig"; sourceTree = "<group>"; };
		FE80AED92F4F09C845731C53 /* Pods-ContactsScreenTests.release.xcconfig */ = {isa = PBXFileReference; includeInIndex = 1; lastKnownFileType = text.xcconfig; name = "Pods-ContactsScreenTests.release.xcconfig"; path = "Target Support Files/Pods-ContactsScreenTests/Pods-ContactsScreenTests.release.xcconfig"; sourceTree = "<group>"; };
/* End PBXFileReference section */

/* Begin PBXFrameworksBuildPhase section */
		79CEF0F4252C4CBD00EB42B6 /* Frameworks */ = {
			isa = PBXFrameworksBuildPhase;
			buildActionMask = 2147483647;
			files = (
				D7AB5A5489D8F9349AEFBE68 /* Pods_ContactsScreen.framework in Frameworks */,
			);
			runOnlyForDeploymentPostprocessing = 0;
		};
		79CEF10A252C4CBD00EB42B6 /* Frameworks */ = {
			isa = PBXFrameworksBuildPhase;
			buildActionMask = 2147483647;
			files = (
				25227FA91F6EE14B1BD314DE /* Pods_ContactsScreenTests.framework in Frameworks */,
			);
			runOnlyForDeploymentPostprocessing = 0;
		};
		79CEF115252C4CBD00EB42B6 /* Frameworks */ = {
			isa = PBXFrameworksBuildPhase;
			buildActionMask = 2147483647;
			files = (
				19529F122736D90E37C64EAD /* Pods_ContactsScreen_ContactsScreenUITests.framework in Frameworks */,
			);
			runOnlyForDeploymentPostprocessing = 0;
		};
/* End PBXFrameworksBuildPhase section */

/* Begin PBXGroup section */
		346FB501FD426561115739EA /* Frameworks */ = {
			isa = PBXGroup;
			children = (
				B95319141539585FD7E5822E /* Pods_ContactsScreen.framework */,
				B18876165B8725E21DCFF73D /* Pods_ContactsScreen_ContactsScreenUITests.framework */,
				CF3AAF74057B3ECECCDD1A69 /* Pods_ContactsScreenTests.framework */,
			);
			name = Frameworks;
			sourceTree = "<group>";
		};
		79CEF0EE252C4CBD00EB42B6 = {
			isa = PBXGroup;
			children = (
				79CEF142252C883D00EB42B6 /* Property List.plist */,
				79CEF0F9252C4CBD00EB42B6 /* ContactsScreen */,
				79CEF110252C4CBD00EB42B6 /* ContactsScreenTests */,
				79CEF11B252C4CBD00EB42B6 /* ContactsScreenUITests */,
				79CEF0F8252C4CBD00EB42B6 /* Products */,
				907C2826E74F17CEF528CB3C /* Pods */,
				346FB501FD426561115739EA /* Frameworks */,
			);
			sourceTree = "<group>";
		};
		79CEF0F8252C4CBD00EB42B6 /* Products */ = {
			isa = PBXGroup;
			children = (
				79CEF0F7252C4CBD00EB42B6 /* ContactsScreen.app */,
				79CEF10D252C4CBD00EB42B6 /* ContactsScreenTests.xctest */,
				79CEF118252C4CBD00EB42B6 /* ContactsScreenUITests.xctest */,
			);
			name = Products;
			sourceTree = "<group>";
		};
		79CEF0F9252C4CBD00EB42B6 /* ContactsScreen */ = {
			isa = PBXGroup;
			children = (
				79D67D2B252F444B002AF383 /* Fonts */,
				79CEF0FA252C4CBD00EB42B6 /* AppDelegate.swift */,
				79CEF0FC252C4CBD00EB42B6 /* SceneDelegate.swift */,
				799922C025552CCC00ABE6D9 /* ContactRequest.swift */,
				799922BB25552BAD00ABE6D9 /* ContactInfo.swift */,
				79CEF0FE252C4CBD00EB42B6 /* ViewController.swift */,
				79BD6423259A3FDE002D705F /* PersonAnswer.swift */,
				79CDD0EB2591CCAA00610892 /* DetailViewController.swift */,
				79CEF100252C4CBD00EB42B6 /* Main.storyboard */,
				79D6AFB3258F9FC100B02D89 /* Assets.xcassets */,
				799D70F225309D23006CFB88 /* KisilerTableViewCell.swift */,
				79CEF105252C4CBD00EB42B6 /* LaunchScreen.storyboard */,
				79CEF108252C4CBD00EB42B6 /* Info.plist */,
			);
			path = ContactsScreen;
			sourceTree = "<group>";
		};
		79CEF110252C4CBD00EB42B6 /* ContactsScreenTests */ = {
			isa = PBXGroup;
			children = (
				79CEF111252C4CBD00EB42B6 /* ContactsScreenTests.swift */,
				79CEF113252C4CBD00EB42B6 /* Info.plist */,
			);
			path = ContactsScreenTests;
			sourceTree = "<group>";
		};
		79CEF11B252C4CBD00EB42B6 /* ContactsScreenUITests */ = {
			isa = PBXGroup;
			children = (
				79CEF11C252C4CBD00EB42B6 /* ContactsScreenUITests.swift */,
				79CEF11E252C4CBD00EB42B6 /* Info.plist */,
			);
			path = ContactsScreenUITests;
			sourceTree = "<group>";
		};
		79D67D2B252F444B002AF383 /* Fonts */ = {
			isa = PBXGroup;
			children = (
				79D67D3A252F4552002AF383 /* SegoeUIFont.ttf */,
			);
			path = Fonts;
			sourceTree = "<group>";
		};
		907C2826E74F17CEF528CB3C /* Pods */ = {
			isa = PBXGroup;
			children = (
				3825942C916BE8A3A7EEFEB2 /* Pods-ContactsScreen.debug.xcconfig */,
				7D330248BABB75BB5061C763 /* Pods-ContactsScreen.release.xcconfig */,
				DCA924922E07A1DAF5137EB8 /* Pods-ContactsScreen-ContactsScreenUITests.debug.xcconfig */,
				DE9920CC1BB146F1AC59929C /* Pods-ContactsScreen-ContactsScreenUITests.release.xcconfig */,
				4D8EA1B3F28D3CAE44CB7344 /* Pods-ContactsScreenTests.debug.xcconfig */,
				FE80AED92F4F09C845731C53 /* Pods-ContactsScreenTests.release.xcconfig */,
			);
			path = Pods;
			sourceTree = "<group>";
		};
/* End PBXGroup section */

/* Begin PBXNativeTarget section */
		79CEF0F6252C4CBD00EB42B6 /* ContactsScreen */ = {
			isa = PBXNativeTarget;
			buildConfigurationList = 79CEF121252C4CBD00EB42B6 /* Build configuration list for PBXNativeTarget "ContactsScreen" */;
			buildPhases = (
				1B2669DA2C11E80128517F6C /* [CP] Check Pods Manifest.lock */,
				79CEF0F3252C4CBD00EB42B6 /* Sources */,
				79CEF0F4252C4CBD00EB42B6 /* Frameworks */,
				79CEF0F5252C4CBD00EB42B6 /* Resources */,
				950FF0DF838C336206FD6FDC /* [CP] Embed Pods Frameworks */,
			);
			buildRules = (
			);
			dependencies = (
			);
			name = ContactsScreen;
			productName = ContactsScreen;
			productReference = 79CEF0F7252C4CBD00EB42B6 /* ContactsScreen.app */;
			productType = "com.apple.product-type.application";
		};
		79CEF10C252C4CBD00EB42B6 /* ContactsScreenTests */ = {
			isa = PBXNativeTarget;
			buildConfigurationList = 79CEF124252C4CBD00EB42B6 /* Build configuration list for PBXNativeTarget "ContactsScreenTests" */;
			buildPhases = (
				35C94CCB92FB10E50753DE77 /* [CP] Check Pods Manifest.lock */,
				79CEF109252C4CBD00EB42B6 /* Sources */,
				79CEF10A252C4CBD00EB42B6 /* Frameworks */,
				79CEF10B252C4CBD00EB42B6 /* Resources */,
			);
			buildRules = (
			);
			dependencies = (
				79CEF10F252C4CBD00EB42B6 /* PBXTargetDependency */,
			);
			name = ContactsScreenTests;
			productName = ContactsScreenTests;
			productReference = 79CEF10D252C4CBD00EB42B6 /* ContactsScreenTests.xctest */;
			productType = "com.apple.product-type.bundle.unit-test";
		};
		79CEF117252C4CBD00EB42B6 /* ContactsScreenUITests */ = {
			isa = PBXNativeTarget;
			buildConfigurationList = 79CEF127252C4CBD00EB42B6 /* Build configuration list for PBXNativeTarget "ContactsScreenUITests" */;
			buildPhases = (
				44F9B509D6612955036260AF /* [CP] Check Pods Manifest.lock */,
				79CEF114252C4CBD00EB42B6 /* Sources */,
				79CEF115252C4CBD00EB42B6 /* Frameworks */,
				79CEF116252C4CBD00EB42B6 /* Resources */,
				F7B9B7FE2C6CB9F05DF93392 /* [CP] Embed Pods Frameworks */,
			);
			buildRules = (
			);
			dependencies = (
				79CEF11A252C4CBD00EB42B6 /* PBXTargetDependency */,
			);
			name = ContactsScreenUITests;
			productName = ContactsScreenUITests;
			productReference = 79CEF118252C4CBD00EB42B6 /* ContactsScreenUITests.xctest */;
			productType = "com.apple.product-type.bundle.ui-testing";
		};
/* End PBXNativeTarget section */

/* Begin PBXProject section */
		79CEF0EF252C4CBD00EB42B6 /* Project object */ = {
			isa = PBXProject;
			attributes = {
				LastSwiftUpdateCheck = 1200;
				LastUpgradeCheck = 1200;
				TargetAttributes = {
					79CEF0F6252C4CBD00EB42B6 = {
						CreatedOnToolsVersion = 12.0.1;
					};
					79CEF10C252C4CBD00EB42B6 = {
						CreatedOnToolsVersion = 12.0.1;
						TestTargetID = 79CEF0F6252C4CBD00EB42B6;
					};
					79CEF117252C4CBD00EB42B6 = {
						CreatedOnToolsVersion = 12.0.1;
						TestTargetID = 79CEF0F6252C4CBD00EB42B6;
					};
				};
			};
			buildConfigurationList = 79CEF0F2252C4CBD00EB42B6 /* Build configuration list for PBXProject "ContactsScreen" */;
			compatibilityVersion = "Xcode 9.3";
			developmentRegion = en;
			hasScannedForEncodings = 0;
			knownRegions = (
				en,
				Base,
			);
			mainGroup = 79CEF0EE252C4CBD00EB42B6;
			productRefGroup = 79CEF0F8252C4CBD00EB42B6 /* Products */;
			projectDirPath = "";
			projectRoot = "";
			targets = (
				79CEF0F6252C4CBD00EB42B6 /* ContactsScreen */,
				79CEF10C252C4CBD00EB42B6 /* ContactsScreenTests */,
				79CEF117252C4CBD00EB42B6 /* ContactsScreenUITests */,
			);
		};
/* End PBXProject section */

/* Begin PBXResourcesBuildPhase section */
		79CEF0F5252C4CBD00EB42B6 /* Resources */ = {
			isa = PBXResourcesBuildPhase;
			buildActionMask = 2147483647;
			files = (
				79CEF143252C883D00EB42B6 /* Property List.plist in Resources */,
				79CEF107252C4CBD00EB42B6 /* LaunchScreen.storyboard in Resources */,
				79D67D3B252F4552002AF383 /* SegoeUIFont.ttf in Resources */,
				79CEF102252C4CBD00EB42B6 /* Main.storyboard in Resources */,
				79D6AFB4258F9FC100B02D89 /* Assets.xcassets in Resources */,
			);
			runOnlyForDeploymentPostprocessing = 0;
		};
		79CEF10B252C4CBD00EB42B6 /* Resources */ = {
			isa = PBXResourcesBuildPhase;
			buildActionMask = 2147483647;
			files = (
			);
			runOnlyForDeploymentPostprocessing = 0;
		};
		79CEF116252C4CBD00EB42B6 /* Resources */ = {
			isa = PBXResourcesBuildPhase;
			buildActionMask = 2147483647;
			files = (
			);
			runOnlyForDeploymentPostprocessing = 0;
		};
/* End PBXResourcesBuildPhase section */

/* Begin PBXShellScriptBuildPhase section */
		1B2669DA2C11E80128517F6C /* [CP] Check Pods Manifest.lock */ = {
			isa = PBXShellScriptBuildPhase;
			buildActionMask = 2147483647;
			files = (
			);
			inputFileListPaths = (
			);
			inputPaths = (
				"${PODS_PODFILE_DIR_PATH}/Podfile.lock",
				"${PODS_ROOT}/Manifest.lock",
			);
			name = "[CP] Check Pods Manifest.lock";
			outputFileListPaths = (
			);
			outputPaths = (
				"$(DERIVED_FILE_DIR)/Pods-ContactsScreen-checkManifestLockResult.txt",
			);
			runOnlyForDeploymentPostprocessing = 0;
			shellPath = /bin/sh;
			shellScript = "diff \"${PODS_PODFILE_DIR_PATH}/Podfile.lock\" \"${PODS_ROOT}/Manifest.lock\" > /dev/null\nif [ $? != 0 ] ; then\n    # print error to STDERR\n    echo \"error: The sandbox is not in sync with the Podfile.lock. Run 'pod install' or update your CocoaPods installation.\" >&2\n    exit 1\nfi\n# This output is used by Xcode 'outputs' to avoid re-running this script phase.\necho \"SUCCESS\" > \"${SCRIPT_OUTPUT_FILE_0}\"\n";
			showEnvVarsInLog = 0;
		};
		35C94CCB92FB10E50753DE77 /* [CP] Check Pods Manifest.lock */ = {
			isa = PBXShellScriptBuildPhase;
			buildActionMask = 2147483647;
			files = (
			);
			inputFileListPaths = (
			);
			inputPaths = (
				"${PODS_PODFILE_DIR_PATH}/Podfile.lock",
				"${PODS_ROOT}/Manifest.lock",
			);
			name = "[CP] Check Pods Manifest.lock";
			outputFileListPaths = (
			);
			outputPaths = (
				"$(DERIVED_FILE_DIR)/Pods-ContactsScreenTests-checkManifestLockResult.txt",
			);
			runOnlyForDeploymentPostprocessing = 0;
			shellPath = /bin/sh;
			shellScript = "diff \"${PODS_PODFILE_DIR_PATH}/Podfile.lock\" \"${PODS_ROOT}/Manifest.lock\" > /dev/null\nif [ $? != 0 ] ; then\n    # print error to STDERR\n    echo \"error: The sandbox is not in sync with the Podfile.lock. Run 'pod install' or update your CocoaPods installation.\" >&2\n    exit 1\nfi\n# This output is used by Xcode 'outputs' to avoid re-running this script phase.\necho \"SUCCESS\" > \"${SCRIPT_OUTPUT_FILE_0}\"\n";
			showEnvVarsInLog = 0;
		};
		44F9B509D6612955036260AF /* [CP] Check Pods Manifest.lock */ = {
			isa = PBXShellScriptBuildPhase;
			buildActionMask = 2147483647;
			files = (
			);
			inputFileListPaths = (
			);
			inputPaths = (
				"${PODS_PODFILE_DIR_PATH}/Podfile.lock",
				"${PODS_ROOT}/Manifest.lock",
			);
			name = "[CP] Check Pods Manifest.lock";
			outputFileListPaths = (
			);
			outputPaths = (
				"$(DERIVED_FILE_DIR)/Pods-ContactsScreen-ContactsScreenUITests-checkManifestLockResult.txt",
			);
			runOnlyForDeploymentPostprocessing = 0;
			shellPath = /bin/sh;
			shellScript = "diff \"${PODS_PODFILE_DIR_PATH}/Podfile.lock\" \"${PODS_ROOT}/Manifest.lock\" > /dev/null\nif [ $? != 0 ] ; then\n    # print error to STDERR\n    echo \"error: The sandbox is not in sync with the Podfile.lock. Run 'pod install' or update your CocoaPods installation.\" >&2\n    exit 1\nfi\n# This output is used by Xcode 'outputs' to avoid re-running this script phase.\necho \"SUCCESS\" > \"${SCRIPT_OUTPUT_FILE_0}\"\n";
			showEnvVarsInLog = 0;
		};
		950FF0DF838C336206FD6FDC /* [CP] Embed Pods Frameworks */ = {
			isa = PBXShellScriptBuildPhase;
			buildActionMask = 2147483647;
			files = (
			);
			inputFileListPaths = (
				"${PODS_ROOT}/Target Support Files/Pods-ContactsScreen/Pods-ContactsScreen-frameworks-${CONFIGURATION}-input-files.xcfilelist",
			);
			name = "[CP] Embed Pods Frameworks";
			outputFileListPaths = (
				"${PODS_ROOT}/Target Support Files/Pods-ContactsScreen/Pods-ContactsScreen-frameworks-${CONFIGURATION}-output-files.xcfilelist",
			);
			runOnlyForDeploymentPostprocessing = 0;
			shellPath = /bin/sh;
			shellScript = "\"${PODS_ROOT}/Target Support Files/Pods-ContactsScreen/Pods-ContactsScreen-frameworks.sh\"\n";
			showEnvVarsInLog = 0;
		};
		F7B9B7FE2C6CB9F05DF93392 /* [CP] Embed Pods Frameworks */ = {
			isa = PBXShellScriptBuildPhase;
			buildActionMask = 2147483647;
			files = (
			);
			inputFileListPaths = (
				"${PODS_ROOT}/Target Support Files/Pods-ContactsScreen-ContactsScreenUITests/Pods-ContactsScreen-ContactsScreenUITests-frameworks-${CONFIGURATION}-input-files.xcfilelist",
			);
			name = "[CP] Embed Pods Frameworks";
			outputFileListPaths = (
				"${PODS_ROOT}/Target Support Files/Pods-ContactsScreen-ContactsScreenUITests/Pods-ContactsScreen-ContactsScreenUITests-frameworks-${CONFIGURATION}-output-files.xcfilelist",
			);
			runOnlyForDeploymentPostprocessing = 0;
			shellPath = /bin/sh;
			shellScript = "\"${PODS_ROOT}/Target Support Files/Pods-ContactsScreen-ContactsScreenUITests/Pods-ContactsScreen-ContactsScreenUITests-frameworks.sh\"\n";
			showEnvVarsInLog = 0;
		};
/* End PBXShellScriptBuildPhase section */

/* Begin PBXSourcesBuildPhase section */
		79CEF0F3252C4CBD00EB42B6 /* Sources */ = {
			isa = PBXSourcesBuildPhase;
			buildActionMask = 2147483647;
			files = (
				79CEF0FF252C4CBD00EB42B6 /* ViewController.swift in Sources */,
				799922BC25552BAD00ABE6D9 /* ContactInfo.swift in Sources */,
				799922C125552CCC00ABE6D9 /* ContactRequest.swift in Sources */,
				79CEF0FB252C4CBD00EB42B6 /* AppDelegate.swift in Sources */,
				79BD6424259A3FDE002D705F /* PersonAnswer.swift in Sources */,
				79CEF0FD252C4CBD00EB42B6 /* SceneDelegate.swift in Sources */,
				799D70F325309D23006CFB88 /* KisilerTableViewCell.swift in Sources */,
				79CDD0EC2591CCAA00610892 /* DetailViewController.swift in Sources */,
			);
			runOnlyForDeploymentPostprocessing = 0;
		};
		79CEF109252C4CBD00EB42B6 /* Sources */ = {
			isa = PBXSourcesBuildPhase;
			buildActionMask = 2147483647;
			files = (
				79CEF112252C4CBD00EB42B6 /* ContactsScreenTests.swift in Sources */,
			);
			runOnlyForDeploymentPostprocessing = 0;
		};
		79CEF114252C4CBD00EB42B6 /* Sources */ = {
			isa = PBXSourcesBuildPhase;
			buildActionMask = 2147483647;
			files = (
				79CEF11D252C4CBD00EB42B6 /* ContactsScreenUITests.swift in Sources */,
			);
			runOnlyForDeploymentPostprocessing = 0;
		};
/* End PBXSourcesBuildPhase section */

/* Begin PBXTargetDependency section */
		79CEF10F252C4CBD00EB42B6 /* PBXTargetDependency */ = {
			isa = PBXTargetDependency;
			target = 79CEF0F6252C4CBD00EB42B6 /* ContactsScreen */;
			targetProxy = 79CEF10E252C4CBD00EB42B6 /* PBXContainerItemProxy */;
		};
		79CEF11A252C4CBD00EB42B6 /* PBXTargetDependency */ = {
			isa = PBXTargetDependency;
			target = 79CEF0F6252C4CBD00EB42B6 /* ContactsScreen */;
			targetProxy = 79CEF119252C4CBD00EB42B6 /* PBXContainerItemProxy */;
		};
/* End PBXTargetDependency section */

/* Begin PBXVariantGroup section */
		79CEF100252C4CBD00EB42B6 /* Main.storyboard */ = {
			isa = PBXVariantGroup;
			children = (
				79CEF101252C4CBD00EB42B6 /* Base */,
			);
			name = Main.storyboard;
			sourceTree = "<group>";
		};
		79CEF105252C4CBD00EB42B6 /* LaunchScreen.storyboard */ = {
			isa = PBXVariantGroup;
			children = (
				79CEF106252C4CBD00EB42B6 /* Base */,
			);
			name = LaunchScreen.storyboard;
			sourceTree = "<group>";
		};
/* End PBXVariantGroup section */

/* Begin XCBuildConfiguration section */
		79CEF11F252C4CBD00EB42B6 /* Debug */ = {
			isa = XCBuildConfiguration;
			buildSettings = {
				ALWAYS_SEARCH_USER_PATHS = NO;
				CLANG_ANALYZER_NONNULL = YES;
				CLANG_ANALYZER_NUMBER_OBJECT_CONVERSION = YES_AGGRESSIVE;
				CLANG_CXX_LANGUAGE_STANDARD = "gnu++14";
				CLANG_CXX_LIBRARY = "libc++";
				CLANG_ENABLE_MODULES = YES;
				CLANG_ENABLE_OBJC_ARC = YES;
				CLANG_ENABLE_OBJC_WEAK = YES;
				CLANG_WARN_BLOCK_CAPTURE_AUTORELEASING = YES;
				CLANG_WARN_BOOL_CONVERSION = YES;
				CLANG_WARN_COMMA = YES;
				CLANG_WARN_CONSTANT_CONVERSION = YES;
				CLANG_WARN_DEPRECATED_OBJC_IMPLEMENTATIONS = YES;
				CLANG_WARN_DIRECT_OBJC_ISA_USAGE = YES_ERROR;
				CLANG_WARN_DOCUMENTATION_COMMENTS = YES;
				CLANG_WARN_EMPTY_BODY = YES;
				CLANG_WARN_ENUM_CONVERSION = YES;
				CLANG_WARN_INFINITE_RECURSION = YES;
				CLANG_WARN_INT_CONVERSION = YES;
				CLANG_WARN_NON_LITERAL_NULL_CONVERSION = YES;
				CLANG_WARN_OBJC_IMPLICIT_RETAIN_SELF = YES;
				CLANG_WARN_OBJC_LITERAL_CONVERSION = YES;
				CLANG_WARN_OBJC_ROOT_CLASS = YES_ERROR;
				CLANG_WARN_QUOTED_INCLUDE_IN_FRAMEWORK_HEADER = YES;
				CLANG_WARN_RANGE_LOOP_ANALYSIS = YES;
				CLANG_WARN_STRICT_PROTOTYPES = YES;
				CLANG_WARN_SUSPICIOUS_MOVE = YES;
				CLANG_WARN_UNGUARDED_AVAILABILITY = YES_AGGRESSIVE;
				CLANG_WARN_UNREACHABLE_CODE = YES;
				CLANG_WARN__DUPLICATE_METHOD_MATCH = YES;
				COPY_PHASE_STRIP = NO;
				DEBUG_INFORMATION_FORMAT = dwarf;
				ENABLE_STRICT_OBJC_MSGSEND = YES;
				ENABLE_TESTABILITY = YES;
				GCC_C_LANGUAGE_STANDARD = gnu11;
				GCC_DYNAMIC_NO_PIC = NO;
				GCC_NO_COMMON_BLOCKS = YES;
				GCC_OPTIMIZATION_LEVEL = 0;
				GCC_PREPROCESSOR_DEFINITIONS = (
					"DEBUG=1",
					"$(inherited)",
				);
				GCC_WARN_64_TO_32_BIT_CONVERSION = YES;
				GCC_WARN_ABOUT_RETURN_TYPE = YES_ERROR;
				GCC_WARN_UNDECLARED_SELECTOR = YES;
				GCC_WARN_UNINITIALIZED_AUTOS = YES_AGGRESSIVE;
				GCC_WARN_UNUSED_FUNCTION = YES;
				GCC_WARN_UNUSED_VARIABLE = YES;
				IPHONEOS_DEPLOYMENT_TARGET = 14.0;
				MTL_ENABLE_DEBUG_INFO = INCLUDE_SOURCE;
				MTL_FAST_MATH = YES;
				ONLY_ACTIVE_ARCH = YES;
				SDKROOT = iphoneos;
				SWIFT_ACTIVE_COMPILATION_CONDITIONS = DEBUG;
				SWIFT_OPTIMIZATION_LEVEL = "-Onone";
			};
			name = Debug;
		};
		79CEF120252C4CBD00EB42B6 /* Release */ = {
			isa = XCBuildConfiguration;
			buildSettings = {
				ALWAYS_SEARCH_USER_PATHS = NO;
				CLANG_ANALYZER_NONNULL = YES;
				CLANG_ANALYZER_NUMBER_OBJECT_CONVERSION = YES_AGGRESSIVE;
				CLANG_CXX_LANGUAGE_STANDARD = "gnu++14";
				CLANG_CXX_LIBRARY = "libc++";
				CLANG_ENABLE_MODULES = YES;
				CLANG_ENABLE_OBJC_ARC = YES;
				CLANG_ENABLE_OBJC_WEAK = YES;
				CLANG_WARN_BLOCK_CAPTURE_AUTORELEASING = YES;
				CLANG_WARN_BOOL_CONVERSION = YES;
				CLANG_WARN_COMMA = YES;
				CLANG_WARN_CONSTANT_CONVERSION = YES;
				CLANG_WARN_DEPRECATED_OBJC_IMPLEMENTATIONS = YES;
				CLANG_WARN_DIRECT_OBJC_ISA_USAGE = YES_ERROR;
				CLANG_WARN_DOCUMENTATION_COMMENTS = YES;
				CLANG_WARN_EMPTY_BODY = YES;
				CLANG_WARN_ENUM_CONVERSION = YES;
				CLANG_WARN_INFINITE_RECURSION = YES;
				CLANG_WARN_INT_CONVERSION = YES;
				CLANG_WARN_NON_LITERAL_NULL_CONVERSION = YES;
				CLANG_WARN_OBJC_IMPLICIT_RETAIN_SELF = YES;
				CLANG_WARN_OBJC_LITERAL_CONVERSION = YES;
				CLANG_WARN_OBJC_ROOT_CLASS = YES_ERROR;
				CLANG_WARN_QUOTED_INCLUDE_IN_FRAMEWORK_HEADER = YES;
				CLANG_WARN_RANGE_LOOP_ANALYSIS = YES;
				CLANG_WARN_STRICT_PROTOTYPES = YES;
				CLANG_WARN_SUSPICIOUS_MOVE = YES;
				CLANG_WARN_UNGUARDED_AVAILABILITY = YES_AGGRESSIVE;
				CLANG_WARN_UNREACHABLE_CODE = YES;
				CLANG_WARN__DUPLICATE_METHOD_MATCH = YES;
				COPY_PHASE_STRIP = NO;
				DEBUG_INFORMATION_FORMAT = "dwarf-with-dsym";
				ENABLE_NS_ASSERTIONS = NO;
				ENABLE_STRICT_OBJC_MSGSEND = YES;
				GCC_C_LANGUAGE_STANDARD = gnu11;
				GCC_NO_COMMON_BLOCKS = YES;
				GCC_WARN_64_TO_32_BIT_CONVERSION = YES;
				GCC_WARN_ABOUT_RETURN_TYPE = YES_ERROR;
				GCC_WARN_UNDECLARED_SELECTOR = YES;
				GCC_WARN_UNINITIALIZED_AUTOS = YES_AGGRESSIVE;
				GCC_WARN_UNUSED_FUNCTION = YES;
				GCC_WARN_UNUSED_VARIABLE = YES;
				IPHONEOS_DEPLOYMENT_TARGET = 14.0;
				MTL_ENABLE_DEBUG_INFO = NO;
				MTL_FAST_MATH = YES;
				SDKROOT = iphoneos;
				SWIFT_COMPILATION_MODE = wholemodule;
				SWIFT_OPTIMIZATION_LEVEL = "-O";
				VALIDATE_PRODUCT = YES;
			};
			name = Release;
		};
		79CEF122252C4CBD00EB42B6 /* Debug */ = {
			isa = XCBuildConfiguration;
			baseConfigurationReference = 3825942C916BE8A3A7EEFEB2 /* Pods-ContactsScreen.debug.xcconfig */;
			buildSettings = {
				ASSETCATALOG_COMPILER_APPICON_NAME = AppIcon;
				ASSETCATALOG_COMPILER_GLOBAL_ACCENT_COLOR_NAME = AccentColor;
				CODE_SIGN_STYLE = Automatic;
				DEVELOPMENT_TEAM = Z32CCHAS27;
				INFOPLIST_FILE = ContactsScreen/Info.plist;
				LD_RUNPATH_SEARCH_PATHS = (
					"$(inherited)",
					"@executable_path/Frameworks",
				);
				PRODUCT_BUNDLE_IDENTIFIER = com.serhatyaroglu.ContactsScreen;
				PRODUCT_NAME = "$(TARGET_NAME)";
				SWIFT_VERSION = 5.0;
				TARGETED_DEVICE_FAMILY = "1,2";
			};
			name = Debug;
		};
		79CEF123252C4CBD00EB42B6 /* Release */ = {
			isa = XCBuildConfiguration;
			baseConfigurationReference = 7D330248BABB75BB5061C763 /* Pods-ContactsScreen.release.xcconfig */;
			buildSettings = {
				ASSETCATALOG_COMPILER_APPICON_NAME = AppIcon;
				ASSETCATALOG_COMPILER_GLOBAL_ACCENT_COLOR_NAME = AccentColor;
				CODE_SIGN_STYLE = Automatic;
				DEVELOPMENT_TEAM = Z32CCHAS27;
				INFOPLIST_FILE = ContactsScreen/Info.plist;
				LD_RUNPATH_SEARCH_PATHS = (
					"$(inherited)",
					"@executable_path/Frameworks",
				);
				PRODUCT_BUNDLE_IDENTIFIER = com.serhatyaroglu.ContactsScreen;
				PRODUCT_NAME = "$(TARGET_NAME)";
				SWIFT_VERSION = 5.0;
				TARGETED_DEVICE_FAMILY = "1,2";
			};
			name = Release;
		};
		79CEF125252C4CBD00EB42B6 /* Debug */ = {
			isa = XCBuildConfiguration;
			baseConfigurationReference = 4D8EA1B3F28D3CAE44CB7344 /* Pods-ContactsScreenTests.debug.xcconfig */;
			buildSettings = {
				ALWAYS_EMBED_SWIFT_STANDARD_LIBRARIES = YES;
				BUNDLE_LOADER = "$(TEST_HOST)";
				CODE_SIGN_STYLE = Automatic;
				DEVELOPMENT_TEAM = Z32CCHAS27;
				INFOPLIST_FILE = ContactsScreenTests/Info.plist;
				IPHONEOS_DEPLOYMENT_TARGET = 14.0;
				LD_RUNPATH_SEARCH_PATHS = (
					"$(inherited)",
					"@executable_path/Frameworks",
					"@loader_path/Frameworks",
				);
				PRODUCT_BUNDLE_IDENTIFIER = com.serhatyaroglu.ContactsScreenTests;
				PRODUCT_NAME = "$(TARGET_NAME)";
				SWIFT_VERSION = 5.0;
				TARGETED_DEVICE_FAMILY = "1,2";
				TEST_HOST = "$(BUILT_PRODUCTS_DIR)/ContactsScreen.app/ContactsScreen";
			};
			name = Debug;
		};
		79CEF126252C4CBD00EB42B6 /* Release */ = {
			isa = XCBuildConfiguration;
			baseConfigurationReference = FE80AED92F4F09C845731C53 /* Pods-ContactsScreenTests.release.xcconfig */;
			buildSettings = {
				ALWAYS_EMBED_SWIFT_STANDARD_LIBRARIES = YES;
				BUNDLE_LOADER = "$(TEST_HOST)";
				CODE_SIGN_STYLE = Automatic;
				DEVELOPMENT_TEAM = Z32CCHAS27;
				INFOPLIST_FILE = ContactsScreenTests/Info.plist;
				IPHONEOS_DEPLOYMENT_TARGET = 14.0;
				LD_RUNPATH_SEARCH_PATHS = (
					"$(inherited)",
					"@executable_path/Frameworks",
					"@loader_path/Frameworks",
				);
				PRODUCT_BUNDLE_IDENTIFIER = com.serhatyaroglu.ContactsScreenTests;
				PRODUCT_NAME = "$(TARGET_NAME)";
				SWIFT_VERSION = 5.0;
				TARGETED_DEVICE_FAMILY = "1,2";
				TEST_HOST = "$(BUILT_PRODUCTS_DIR)/ContactsScreen.app/ContactsScreen";
			};
			name = Release;
		};
		79CEF128252C4CBD00EB42B6 /* Debug */ = {
			isa = XCBuildConfiguration;
			baseConfigurationReference = DCA924922E07A1DAF5137EB8 /* Pods-ContactsScreen-ContactsScreenUITests.debug.xcconfig */;
			buildSettings = {
				ALWAYS_EMBED_SWIFT_STANDARD_LIBRARIES = YES;
				CODE_SIGN_STYLE = Automatic;
				DEVELOPMENT_TEAM = Z32CCHAS27;
				INFOPLIST_FILE = ContactsScreenUITests/Info.plist;
				LD_RUNPATH_SEARCH_PATHS = (
					"$(inherited)",
					"@executable_path/Frameworks",
					"@loader_path/Frameworks",
				);
				PRODUCT_BUNDLE_IDENTIFIER = com.serhatyaroglu.ContactsScreenUITests;
				PRODUCT_NAME = "$(TARGET_NAME)";
				SWIFT_VERSION = 5.0;
				TARGETED_DEVICE_FAMILY = "1,2";
				TEST_TARGET_NAME = ContactsScreen;
			};
			name = Debug;
		};
		79CEF129252C4CBD00EB42B6 /* Release */ = {
			isa = XCBuildConfiguration;
			baseConfigurationReference = DE9920CC1BB146F1AC59929C /* Pods-ContactsScreen-ContactsScreenUITests.release.xcconfig */;
			buildSettings = {
				ALWAYS_EMBED_SWIFT_STANDARD_LIBRARIES = YES;
				CODE_SIGN_STYLE = Automatic;
				DEVELOPMENT_TEAM = Z32CCHAS27;
				INFOPLIST_FILE = ContactsScreenUITests/Info.plist;
				LD_RUNPATH_SEARCH_PATHS = (
					"$(inherited)",
					"@executable_path/Frameworks",
					"@loader_path/Frameworks",
				);
				PRODUCT_BUNDLE_IDENTIFIER = com.serhatyaroglu.ContactsScreenUITests;
				PRODUCT_NAME = "$(TARGET_NAME)";
				SWIFT_VERSION = 5.0;
				TARGETED_DEVICE_FAMILY = "1,2";
				TEST_TARGET_NAME = ContactsScreen;
			};
			name = Release;
		};
/* End XCBuildConfiguration section */

/* Begin XCConfigurationList section */
		79CEF0F2252C4CBD00EB42B6 /* Build configuration list for PBXProject "ContactsScreen" */ = {
			isa = XCConfigurationList;
			buildConfigurations = (
				79CEF11F252C4CBD00EB42B6 /* Debug */,
				79CEF120252C4CBD00EB42B6 /* Release */,
			);
			defaultConfigurationIsVisible = 0;
			defaultConfigurationName = Release;
		};
		79CEF121252C4CBD00EB42B6 /* Build configuration list for PBXNativeTarget "ContactsScreen" */ = {
			isa = XCConfigurationList;
			buildConfigurations = (
				79CEF122252C4CBD00EB42B6 /* Debug */,
				79CEF123252C4CBD00EB42B6 /* Release */,
			);
			defaultConfigurationIsVisible = 0;
			defaultConfigurationName = Release;
		};
		79CEF124252C4CBD00EB42B6 /* Build configuration list for PBXNativeTarget "ContactsScreenTests" */ = {
			isa = XCConfigurationList;
			buildConfigurations = (
				79CEF125252C4CBD00EB42B6 /* Debug */,
				79CEF126252C4CBD00EB42B6 /* Release */,
			);
			defaultConfigurationIsVisible = 0;
			defaultConfigurationName = Release;
		};
		79CEF127252C4CBD00EB42B6 /* Build configuration list for PBXNativeTarget "ContactsScreenUITests" */ = {
			isa = XCConfigurationList;
			buildConfigurations = (
				79CEF128252C4CBD00EB42B6 /* Debug */,
				79CEF129252C4CBD00EB42B6 /* Release */,
			);
			defaultConfigurationIsVisible = 0;
			defaultConfigurationName = Release;
		};
/* End XCConfigurationList section */
	};
	rootObject = 79CEF0EF252C4CBD00EB42B6 /* Project object */;
}
